
Microsoft Visual Studio Solution File, Format Version 12.00
# Visual Studio Version 16
VisualStudioVersion = 16.0.30523.141
MinimumVisualStudioVersion = 10.0.40219.1
Project("{FAE04EC0-301F-11D3-BF4B-00C04F79EFBC}") = "Process Builder", "Process Builder.csproj", "{F09DC6EA-04EE-4C0B-8F8B-38077A3009C9}"
EndProject
Global
	GlobalSection(SolutionConfigurationPlatforms) = preSolution
		Debug|Any CPU = Debug|Any CPU
		Release|Any CPU = Release|Any CPU
	EndGlobalSection
	GlobalSection(ProjectConfigurationPlatforms) = postSolution
		{F09DC6EA-04EE-4C0B-8F8B-38077A3009C9}.Debug|Any CPU.ActiveCfg = Debug|Any CPU
		{F09DC6EA-04EE-4C0B-8F8B-38077A3009C9}.Debug|Any CPU.Build.0 = Debug|Any CPU
		{F09DC6EA-04EE-4C0B-8F8B-38077A3009C9}.Release|Any CPU.ActiveCfg = Release|Any CPU
		{F09DC6EA-04EE-4C0B-8F8B-38077A3009C9}.Release|Any CPU.Build.0 = Release|Any CPU
	EndGlobalSection
	GlobalSection(SolutionProperties) = preSolution
		HideSolutionNode = FALSE
	EndGlobalSection
	GlobalSection(ExtensibilityGlobals) = postSolution
		SolutionGuid = {6E128845-83A8-402C-82E5-5FCA8D4699A8}
	EndGlobalSection
EndGlobal
